
Microsoft Visual Studio Solution File, Format Version 12.00
# Visual Studio 15
VisualStudioVersion = 15.0.28307.572
MinimumVisualStudioVersion = 10.0.40219.1
Project("{8BC9CEB8-8B4A-11D0-8D11-00A0C91BC942}") = "ChatBox_Client", "ChatBox\ChatBox.vcxproj", "{1EEBAD93-1FAB-44F9-91FF-11F934AB7DD6}"
EndProject
Project("{888888A0-9F3D-457C-B088-3A5042F75D52}") = "ChatBox_Server", "ChatBox_Server\ChatBox_Server.pyproj", "{193802EA-FFCC-42B1-8C3C-B0580ED6151B}"
EndProject
Global
	GlobalSection(SolutionConfigurationPlatforms) = preSolution
		Debug|Any CPU = Debug|Any CPU
		Debug|x64 = Debug|x64
		Debug|x86 = Debug|x86
		Release|Any CPU = Release|Any CPU
		Release|x64 = Release|x64
		Release|x86 = Release|x86
	EndGlobalSection
	GlobalSection(ProjectConfigurationPlatforms) = postSolution
		{1EEBAD93-1FAB-44F9-91FF-11F934AB7DD6}.Debug|Any CPU.ActiveCfg = Debug|Win32
		{1EEBAD93-1FAB-44F9-91FF-11F934AB7DD6}.Debug|x64.ActiveCfg = Debug|x64
		{1EEBAD93-1FAB-44F9-91FF-11F934AB7DD6}.Debug|x64.Build.0 = Debug|x64
		{1EEBAD93-1FAB-44F9-91FF-11F934AB7DD6}.Debug|x86.ActiveCfg = Debug|Win32
		{1EEBAD93-1FAB-44F9-91FF-11F934AB7DD6}.Debug|x86.Build.0 = Debug|Win32
		{1EEBAD93-1FAB-44F9-91FF-11F934AB7DD6}.Release|Any CPU.ActiveCfg = Release|Win32
		{1EEBAD93-1FAB-44F9-91FF-11F934AB7DD6}.Release|x64.ActiveCfg = Release|x64
		{1EEBAD93-1FAB-44F9-91FF-11F934AB7DD6}.Release|x64.Build.0 = Release|x64
		{1EEBAD93-1FAB-44F9-91FF-11F934AB7DD6}.Release|x86.ActiveCfg = Release|Win32
		{1EEBAD93-1FAB-44F9-91FF-11F934AB7DD6}.Release|x86.Build.0 = Release|Win32
		{193802EA-FFCC-42B1-8C3C-B0580ED6151B}.Debug|Any CPU.ActiveCfg = Debug|Any CPU
		{193802EA-FFCC-42B1-8C3C-B0580ED6151B}.Debug|x64.ActiveCfg = Debug|Any CPU
		{193802EA-FFCC-42B1-8C3C-B0580ED6151B}.Debug|x86.ActiveCfg = Debug|Any CPU
		{193802EA-FFCC-42B1-8C3C-B0580ED6151B}.Release|Any CPU.ActiveCfg = Release|Any CPU
		{193802EA-FFCC-42B1-8C3C-B0580ED6151B}.Release|x64.ActiveCfg = Release|Any CPU
		{193802EA-FFCC-42B1-8C3C-B0580ED6151B}.Release|x86.ActiveCfg = Release|Any CPU
	EndGlobalSection
	GlobalSection(SolutionProperties) = preSolution
		HideSolutionNode = FALSE
	EndGlobalSection
	GlobalSection(ExtensibilityGlobals) = postSolution
		SolutionGuid = {D28E961F-4CB1-407A-8F5F-2BC5325B7377}
	EndGlobalSection
EndGlobal
